{
  "name": "tutorial-knockout-dev01",
  "version": "1.0.0",
  "lockfileVersion": 1,
  "requires": true,
  "dependencies": {
    "jquery": {
      "version": "3.5.1",
      "resolved": "https://registry.npmjs.org/jquery/-/jquery-3.5.1.tgz",
      "integrity": "sha512-XwIBPqcMn57FxfT+Go5pzySnm4KWkT1Tv7gjrpT1srtf8Weynl6R273VJ5GjkRb51IzMp5nbaPjJXMWeju2MKg=="
    },
    "knockout": {
      "version": "3.5.1",
      "resolved": "https://registry.npmjs.org/knockout/-/knockout-3.5.1.tgz",
      "integrity": "sha512-wRJ9I4az0QcsH7A4v4l0enUpkS++MBx0BnL/68KaLzJg7x1qmbjSlwEoCNol7KTYZ+pmtI7Eh2J0Nu6/2Z5J/Q=="
    }
  }
}
